// !$*UTF8*$!
{
	archiveVersion = 1;
	classes = {
	};
	objectVersion = 46;
	objects = {

/* Begin PBXBuildFile section */
		4B3453761E6C02A500586274 /* main.m in Sources */ = {isa = PBXBuildFile; fileRef = 4B3453751E6C02A500586274 /* main.m */; };
		4B3453791E6C02A500586274 /* AppDelegate.m in Sources */ = {isa = PBXBuildFile; fileRef = 4B3453781E6C02A500586274 /* AppDelegate.m */; };
		4B34537C1E6C02A500586274 /* ViewController.m in Sources */ = {isa = PBXBuildFile; fileRef = 4B34537B1E6C02A500586274 /* ViewController.m */; };
		4B34537F1E6C02A500586274 /* Main.storyboard in Resources */ = {isa = PBXBuildFile; fileRef = 4B34537D1E6C02A500586274 /* Main.storyboard */; };
		4B3453811E6C02A500586274 /* Assets.xcassets in Resources */ = {isa = PBXBuildFile; fileRef = 4B3453801E6C02A500586274 /* Assets.xcassets */; };
		4B3453841E6C02A500586274 /* LaunchScreen.storyboard in Resources */ = {isa = PBXBuildFile; fileRef = 4B3453821E6C02A500586274 /* LaunchScreen.storyboard */; };
		4B3453921E6C02B300586274 /* ABSideLoadMore.m in Sources */ = {isa = PBXBuildFile; fileRef = 4B34538D1E6C02B300586274 /* ABSideLoadMore.m */; };
		4B3453931E6C02B300586274 /* ABSideRefresh.m in Sources */ = {isa = PBXBuildFile; fileRef = 4B34538F1E6C02B300586274 /* ABSideRefresh.m */; };
		4B3453941E6C02B300586274 /* UIScrollView+ABSideRefresh.m in Sources */ = {isa = PBXBuildFile; fileRef = 4B3453911E6C02B300586274 /* UIScrollView+ABSideRefresh.m */; };
/* End PBXBuildFile section */

/* Begin PBXFileReference section */
		4B3453711E6C02A500586274 /* ABRefresh.app */ = {isa = PBXFileReference; explicitFileType = wrapper.application; includeInIndex = 0; path = ABRefresh.app; sourceTree = BUILT_PRODUCTS_DIR; };
		4B3453751E6C02A500586274 /* main.m */ = {isa = PBXFileReference; lastKnownFileType = sourcecode.c.objc; path = main.m; sourceTree = "<group>"; };
		4B3453771E6C02A500586274 /* AppDelegate.h */ = {isa = PBXFileReference; lastKnownFileType = sourcecode.c.h; path = AppDelegate.h; sourceTree = "<group>"; };
		4B3453781E6C02A500586274 /* AppDelegate.m */ = {isa = PBXFileReference; lastKnownFileType = sourcecode.c.objc; path = AppDelegate.m; sourceTree = "<group>"; };
		4B34537A1E6C02A500586274 /* ViewController.h */ = {isa = PBXFileReference; lastKnownFileType = sourcecode.c.h; path = ViewController.h; sourceTree = "<group>"; };
		4B34537B1E6C02A500586274 /* ViewController.m */ = {isa = PBXFileReference; lastKnownFileType = sourcecode.c.objc; path = ViewController.m; sourceTree = "<group>"; };
		4B34537E1E6C02A500586274 /* Base */ = {isa = PBXFileReference; lastKnownFileType = file.storyboard; name = Base; path = Base.lproj/Main.storyboard; sourceTree = "<group>"; };
		4B3453801E6C02A500586274 /* Assets.xcassets */ = {isa = PBXFileReference; lastKnownFileType = folder.assetcatalog; path = Assets.xcassets; sourceTree = "<group>"; };
		4B3453831E6C02A500586274 /* Base */ = {isa = PBXFileReference; lastKnownFileType = file.storyboard; name = Base; path = Base.lproj/LaunchScreen.storyboard; sourceTree = "<group>"; };
		4B3453851E6C02A500586274 /* Info.plist */ = {isa = PBXFileReference; lastKnownFileType = text.plist.xml; path = Info.plist; sourceTree = "<group>"; };
		4B34538C1E6C02B300586274 /* ABSideLoadMore.h */ = {isa = PBXFileReference; fileEncoding = 4; lastKnownFileType = sourcecode.c.h; path = ABSideLoadMore.h; sourceTree = "<group>"; };
		4B34538D1E6C02B300586274 /* ABSideLoadMore.m */ = {isa = PBXFileReference; fileEncoding = 4; lastKnownFileType = sourcecode.c.objc; path = ABSideLoadMore.m; sourceTree = "<group>"; };
		4B34538E1E6C02B300586274 /* ABSideRefresh.h */ = {isa = PBXFileReference; fileEncoding = 4; lastKnownFileType = sourcecode.c.h; path = ABSideRefresh.h; sourceTree = "<group>"; };
		4B34538F1E6C02B300586274 /* ABSideRefresh.m */ = {isa = PBXFileReference; fileEncoding = 4; lastKnownFileType = sourcecode.c.objc; path = ABSideRefresh.m; sourceTree = "<group>"; };
		4B3453901E6C02B300586274 /* UIScrollView+ABSideRefresh.h */ = {isa = PBXFileReference; fileEncoding = 4; lastKnownFileType = sourcecode.c.h; path = "UIScrollView+ABSideRefresh.h"; sourceTree = "<group>"; };
		4B3453911E6C02B300586274 /* UIScrollView+ABSideRefresh.m */ = {isa = PBXFileReference; fileEncoding = 4; lastKnownFileType = sourcecode.c.objc; path = "UIScrollView+ABSideRefresh.m"; sourceTree = "<group>"; };
/* End PBXFileReference section */

/* Begin PBXFrameworksBuildPhase section */
		4B34536E1E6C02A400586274 /* Frameworks */ = {
			isa = PBXFrameworksBuildPhase;
			buildActionMask = 2147483647;
			files = (
			);
			runOnlyForDeploymentPostprocessing = 0;
		};
/* End PBXFrameworksBuildPhase section */

/* Begin PBXGroup section */
		4B3453681E6C02A400586274 = {
			isa = PBXGroup;
			children = (
				4B3453731E6C02A500586274 /* ABRefresh */,
				4B3453721E6C02A500586274 /* Products */,
			);
			sourceTree = "<group>";
		};
		4B3453721E6C02A500586274 /* Products */ = {
			isa = PBXGroup;
			children = (
				4B3453711E6C02A500586274 /* ABRefresh.app */,
			);
			name = Products;
			sourceTree = "<group>";
		};
		4B3453731E6C02A500586274 /* ABRefresh */ = {
			isa = PBXGroup;
			children = (
				4B34538B1E6C02B300586274 /* ABSideRefresh */,
				4B3453771E6C02A500586274 /* AppDelegate.h */,
				4B3453781E6C02A500586274 /* AppDelegate.m */,
				4B34537A1E6C02A500586274 /* ViewController.h */,
				4B34537B1E6C02A500586274 /* ViewController.m */,
				4B34537D1E6C02A500586274 /* Main.storyboard */,
				4B3453801E6C02A500586274 /* Assets.xcassets */,
				4B3453821E6C02A500586274 /* LaunchScreen.storyboard */,
				4B3453851E6C02A500586274 /* Info.plist */,
				4B3453741E6C02A500586274 /* Supporting Files */,
			);
			path = ABRefresh;
			sourceTree = "<group>";
		};
		4B3453741E6C02A500586274 /* Supporting Files */ = {
			isa = PBXGroup;
			children = (
				4B3453751E6C02A500586274 /* main.m */,
			);
			name = "Supporting Files";
			sourceTree = "<group>";
		};
		4B34538B1E6C02B300586274 /* ABSideRefresh */ = {
			isa = PBXGroup;
			children = (
				4B34538C1E6C02B300586274 /* ABSideLoadMore.h */,
				4B34538D1E6C02B300586274 /* ABSideLoadMore.m */,
				4B34538E1E6C02B300586274 /* ABSideRefresh.h */,
				4B34538F1E6C02B300586274 /* ABSideRefresh.m */,
				4B3453901E6C02B300586274 /* UIScrollView+ABSideRefresh.h */,
				4B3453911E6C02B300586274 /* UIScrollView+ABSideRefresh.m */,
			);
			path = ABSideRefresh;
			sourceTree = "<group>";
		};
/* End PBXGroup section */

/* Begin PBXNativeTarget section */
		4B3453701E6C02A400586274 /* ABRefresh */ = {
			isa = PBXNativeTarget;
			buildConfigurationList = 4B3453881E6C02A500586274 /* Build configuration list for PBXNativeTarget "ABRefresh" */;
			buildPhases = (
				4B34536D1E6C02A400586274 /* Sources */,
				4B34536E1E6C02A400586274 /* Frameworks */,
				4B34536F1E6C02A400586274 /* Resources */,
			);
			buildRules = (
			);
			dependencies = (
			);
			name = ABRefresh;
			productName = ABRefresh;
			productReference = 4B3453711E6C02A500586274 /* ABRefresh.app */;
			productType = "com.apple.product-type.application";
		};
/* End PBXNativeTarget section */

/* Begin PBXProject section */
		4B3453691E6C02A400586274 /* Project object */ = {
			isa = PBXProject;
			attributes = {
				LastUpgradeCheck = 0820;
				ORGANIZATIONNAME = AB.ios;
				TargetAttributes = {
					4B3453701E6C02A400586274 = {
						CreatedOnToolsVersion = 8.2.1;
						DevelopmentTeam = L7TS35LAS6;
						ProvisioningStyle = Automatic;
					};
				};
			};
			buildConfigurationList = 4B34536C1E6C02A400586274 /* Build configuration list for PBXProject "ABRefresh" */;
			compatibilityVersion = "Xcode 3.2";
			developmentRegion = English;
			hasScannedForEncodings = 0;
			knownRegions = (
				en,
				Base,
			);
			mainGroup = 4B3453681E6C02A400586274;
			productRefGroup = 4B3453721E6C02A500586274 /* Products */;
			projectDirPath = "";
			projectRoot = "";
			targets = (
				4B3453701E6C02A400586274 /* ABRefresh */,
			);
		};
/* End PBXProject section */

/* Begin PBXResourcesBuildPhase section */
		4B34536F1E6C02A400586274 /* Resources */ = {
			isa = PBXResourcesBuildPhase;
			buildActionMask = 2147483647;
			files = (
				4B3453841E6C02A500586274 /* LaunchScreen.storyboard in Resources */,
				4B3453811E6C02A500586274 /* Assets.xcassets in Resources */,
				4B34537F1E6C02A500586274 /* Main.storyboard in Resources */,
			);
			runOnlyForDeploymentPostprocessing = 0;
		};
/* End PBXResourcesBuildPhase section */

/* Begin PBXSourcesBuildPhase section */
		4B34536D1E6C02A400586274 /* Sources */ = {
			isa = PBXSourcesBuildPhase;
			buildActionMask = 2147483647;
			files = (
				4B34537C1E6C02A500586274 /* ViewController.m in Sources */,
				4B3453941E6C02B300586274 /* UIScrollView+ABSideRefresh.m in Sources */,
				4B3453931E6C02B300586274 /* ABSideRefresh.m in Sources */,
				4B3453791E6C02A500586274 /* AppDelegate.m in Sources */,
				4B3453921E6C02B300586274 /* ABSideLoadMore.m in Sources */,
				4B3453761E6C02A500586274 /* main.m in Sources */,
			);
			runOnlyForDeploymentPostprocessing = 0;
		};
/* End PBXSourcesBuildPhase section */

/* Begin PBXVariantGroup section */
		4B34537D1E6C02A500586274 /* Main.storyboard */ = {
			isa = PBXVariantGroup;
			children = (
				4B34537E1E6C02A500586274 /* Base */,
			);
			name = Main.storyboard;
			sourceTree = "<group>";
		};
		4B3453821E6C02A500586274 /* LaunchScreen.storyboard */ = {
			isa = PBXVariantGroup;
			children = (
				4B3453831E6C02A500586274 /* Base */,
			);
			name = LaunchScreen.storyboard;
			sourceTree = "<group>";
		};
/* End PBXVariantGroup section */

/* Begin XCBuildConfiguration section */
		4B3453861E6C02A500586274 /* Debug */ = {
			isa = XCBuildConfiguration;
			buildSettings = {
				ALWAYS_SEARCH_USER_PATHS = NO;
				CLANG_ANALYZER_NONNULL = YES;
				CLANG_CXX_LANGUAGE_STANDARD = "gnu++0x";
				CLANG_CXX_LIBRARY = "libc++";
				CLANG_ENABLE_MODULES = YES;
				CLANG_ENABLE_OBJC_ARC = YES;
				CLANG_WARN_BOOL_CONVERSION = YES;
				CLANG_WARN_CONSTANT_CONVERSION = YES;
				CLANG_WARN_DIRECT_OBJC_ISA_USAGE = YES_ERROR;
				CLANG_WARN_DOCUMENTATION_COMMENTS = YES;
				CLANG_WARN_EMPTY_BODY = YES;
				CLANG_WARN_ENUM_CONVERSION = YES;
				CLANG_WARN_INFINITE_RECURSION = YES;
				CLANG_WARN_INT_CONVERSION = YES;
				CLANG_WARN_OBJC_ROOT_CLASS = YES_ERROR;
				CLANG_WARN_SUSPICIOUS_MOVE = YES;
				CLANG_WARN_UNREACHABLE_CODE = YES;
				CLANG_WARN__DUPLICATE_METHOD_MATCH = YES;
				"CODE_SIGN_IDENTITY[sdk=iphoneos*]" = "iPhone Developer";
				COPY_PHASE_STRIP = NO;
				DEBUG_INFORMATION_FORMAT = dwarf;
				ENABLE_STRICT_OBJC_MSGSEND = YES;
				ENABLE_TESTABILITY = YES;
				GCC_C_LANGUAGE_STANDARD = gnu99;
				GCC_DYNAMIC_NO_PIC = NO;
				GCC_NO_COMMON_BLOCKS = YES;
				GCC_OPTIMIZATION_LEVEL = 0;
				GCC_PREPROCESSOR_DEFINITIONS = (
					"DEBUG=1",
					"$(inherited)",
				);
				GCC_WARN_64_TO_32_BIT_CONVERSION = YES;
				GCC_WARN_ABOUT_RETURN_TYPE = YES_ERROR;
				GCC_WARN_UNDECLARED_SELECTOR = YES;
				GCC_WARN_UNINITIALIZED_AUTOS = YES_AGGRESSIVE;
				GCC_WARN_UNUSED_FUNCTION = YES;
				GCC_WARN_UNUSED_VARIABLE = YES;
				IPHONEOS_DEPLOYMENT_TARGET = 10.2;
				MTL_ENABLE_DEBUG_INFO = YES;
				ONLY_ACTIVE_ARCH = YES;
				SDKROOT = iphoneos;
			};
			name = Debug;
		};
		4B3453871E6C02A500586274 /* Release */ = {
			isa = XCBuildConfiguration;
			buildSettings = {
				ALWAYS_SEARCH_USER_PATHS = NO;
				CLANG_ANALYZER_NONNULL = YES;
				CLANG_CXX_LANGUAGE_STANDARD = "gnu++0x";
				CLANG_CXX_LIBRARY = "libc++";
				CLANG_ENABLE_MODULES = YES;
				CLANG_ENABLE_OBJC_ARC = YES;
				CLANG_WARN_BOOL_CONVERSION = YES;
				CLANG_WARN_CONSTANT_CONVERSION = YES;
				CLANG_WARN_DIRECT_OBJC_ISA_USAGE = YES_ERROR;
				CLANG_WARN_DOCUMENTATION_COMMENTS = YES;
				CLANG_WARN_EMPTY_BODY = YES;
				CLANG_WARN_ENUM_CONVERSION = YES;
				CLANG_WARN_INFINITE_RECURSION = YES;
				CLANG_WARN_INT_CONVERSION = YES;
				CLANG_WARN_OBJC_ROOT_CLASS = YES_ERROR;
				CLANG_WARN_SUSPICIOUS_MOVE = YES;
				CLANG_WARN_UNREACHABLE_CODE = YES;
				CLANG_WARN__DUPLICATE_METHOD_MATCH = YES;
				"CODE_SIGN_IDENTITY[sdk=iphoneos*]" = "iPhone Developer";
				COPY_PHASE_STRIP = NO;
				DEBUG_INFORMATION_FORMAT = "dwarf-with-dsym";
				ENABLE_NS_ASSERTIONS = NO;
				ENABLE_STRICT_OBJC_MSGSEND = YES;
				GCC_C_LANGUAGE_STANDARD = gnu99;
				GCC_NO_COMMON_BLOCKS = YES;
				GCC_WARN_64_TO_32_BIT_CONVERSION = YES;
				GCC_WARN_ABOUT_RETURN_TYPE = YES_ERROR;
				GCC_WARN_UNDECLARED_SELECTOR = YES;
				GCC_WARN_UNINITIALIZED_AUTOS = YES_AGGRESSIVE;
				GCC_WARN_UNUSED_FUNCTION = YES;
				GCC_WARN_UNUSED_VARIABLE = YES;
				IPHONEOS_DEPLOYMENT_TARGET = 10.2;
				MTL_ENABLE_DEBUG_INFO = NO;
				SDKROOT = iphoneos;
				VALIDATE_PRODUCT = YES;
			};
			name = Release;
		};
		4B3453891E6C02A500586274 /* Debug */ = {
			isa = XCBuildConfiguration;
			buildSettings = {
				ASSETCATALOG_COMPILER_APPICON_NAME = AppIcon;
				DEVELOPMENT_TEAM = L7TS35LAS6;
				INFOPLIST_FILE = ABRefresh/Info.plist;
				LD_RUNPATH_SEARCH_PATHS = "$(inherited) @executable_path/Frameworks";
				PRODUCT_BUNDLE_IDENTIFIER = cn.AB.SideRefresh.ABRefresh;
				PRODUCT_NAME = "$(TARGET_NAME)";
			};
			name = Debug;
		};
		4B34538A1E6C02A500586274 /* Release */ = {
			isa = XCBuildConfiguration;
			buildSettings = {
				ASSETCATALOG_COMPILER_APPICON_NAME = AppIcon;
				DEVELOPMENT_TEAM = L7TS35LAS6;
				INFOPLIST_FILE = ABRefresh/Info.plist;
				LD_RUNPATH_SEARCH_PATHS = "$(inherited) @executable_path/Frameworks";
				PRODUCT_BUNDLE_IDENTIFIER = cn.AB.SideRefresh.ABRefresh;
				PRODUCT_NAME = "$(TARGET_NAME)";
			};
			name = Release;
		};
/* End XCBuildConfiguration section */

/* Begin XCConfigurationList section */
		4B34536C1E6C02A400586274 /* Build configuration list for PBXProject "ABRefresh" */ = {
			isa = XCConfigurationList;
			buildConfigurations = (
				4B3453861E6C02A500586274 /* Debug */,
				4B3453871E6C02A500586274 /* Release */,
			);
			defaultConfigurationIsVisible = 0;
			defaultConfigurationName = Release;
		};
		4B3453881E6C02A500586274 /* Build configuration list for PBXNativeTarget "ABRefresh" */ = {
			isa = XCConfigurationList;
			buildConfigurations = (
				4B3453891E6C02A500586274 /* Debug */,
				4B34538A1E6C02A500586274 /* Release */,
			);
			defaultConfigurationIsVisible = 0;
		};
/* End XCConfigurationList section */
	};
	rootObject = 4B3453691E6C02A400586274 /* Project object */;
}
